
Microsoft Visual Studio Solution File, Format Version 12.00
# Visual Studio Version 16
VisualStudioVersion = 16.0.28803.156
MinimumVisualStudioVersion = 10.0.40219.1
Project("{888888A0-9F3D-457C-B088-3A5042F75D52}") = "ProductOfFour", "ProductOfFour.pyproj", "{0A408C82-BD9A-46B3-8043-2CA2FB40851A}"
EndProject
Global
	GlobalSection(SolutionConfigurationPlatforms) = preSolution
		Debug|Any CPU = Debug|Any CPU
		Release|Any CPU = Release|Any CPU
	EndGlobalSection
	GlobalSection(ProjectConfigurationPlatforms) = postSolution
		{0A408C82-BD9A-46B3-8043-2CA2FB40851A}.Debug|Any CPU.ActiveCfg = Debug|Any CPU
		{0A408C82-BD9A-46B3-8043-2CA2FB40851A}.Release|Any CPU.ActiveCfg = Release|Any CPU
	EndGlobalSection
	GlobalSection(SolutionProperties) = preSolution
		HideSolutionNode = FALSE
	EndGlobalSection
	GlobalSection(ExtensibilityGlobals) = postSolution
		SolutionGuid = {0458634C-CD7C-49C6-B526-5F5394AB7540}
	EndGlobalSection
EndGlobal
